# This file is autogenerated, do not edit; changes may be undone by the next 'dep ensure'.


[[projects]]
  digest = "1:bbcb9fc63d775fc07ab74f62e724e9f85d25ced4b7338d03472196a5c3e43b3c"
  name = "github.com/Shopify/go-lua"
  packages = ["."]
  pruneopts = "UT"
  revision = "88a6f168eee0ba102d7d20c5281056a5dd3d7550"

[[projects]]
  digest = "1:0f404a7c73338cc7a3a0e7eff8ed7f9412e0f2255bf067dad31c0bbe40775420"
  name = "github.com/dgryski/go-bitstream"
  packages = ["."]
  pruneopts = "UT"
  revision = "7d46cd22db7004f0cceb6f7975824b560cf0e486"

[[projects]]
  digest = "1:38c783cf85b9454cc02a1a8319239800ed0af6c1c864adf19cea0539e134adad"
  name = "github.com/fsnotify/fsnotify"
  packages = ["."]
  pruneopts = "UT"
  revision = "4da3e2cfbabc9f751898f250b49f2439785783a1"

[[projects]]
  digest = "1:145eff5207977eb95c3649a27cdc2e467d8a1c104810bc12b6a53745a91d823a"
  name = "github.com/hashicorp/hcl"
  packages = [
    ".",
    "hcl/ast",
    "hcl/parser",
    "hcl/scanner",
    "hcl/strconv",
    "hcl/token",
    "json/parser",
    "json/scanner",
    "json/token",
  ]
  pruneopts = "UT"
  revision = "23c074d0eceb2b8a5bfdbb271ab780cde70f05a8"

[[projects]]
  digest = "1:870d441fe217b8e689d7949fef6e43efbc787e50f200cb1e70dbca9204a1d6be"
  name = "github.com/inconshreveable/mousetrap"
  packages = ["."]
  pruneopts = "UT"
  revision = "76626ae9c91c4f2a10f34cad8ce83ea42c93bb75"
  version = "v1.0"

[[projects]]
  digest = "1:d1ee0681f10d655d83f1bb8e0922a5ffc420c9a1982b4fb9be7c41ec41781e86"
  name = "github.com/magiconair/properties"
  packages = ["."]
  pruneopts = "UT"
  revision = "8d7837e64d3c1ee4e54a880c5a920ab4316fc90a"

[[projects]]
  digest = "1:12ae6210bdbdad658a9a67fd95cd9c99f7fdbf12f6d36eaf0af704e69dacf4f5"
  name = "github.com/mitchellh/go-homedir"
  packages = ["."]
  pruneopts = "UT"
  revision = "b8bc1bf767474819792c23f32d8286a45736f1c6"

[[projects]]
  digest = "1:56a0bd1a1f3809171d1abe0bfd389558be0cd672e858e1f831b88f806aa8764f"
  name = "github.com/mitchellh/mapstructure"
  packages = ["."]
  pruneopts = "UT"
  revision = "06020f85339e21b2478f756a78e295255ffa4d6a"

[[projects]]
  digest = "1:626237df3eccab84ce307f2095e028b91fe88b5fa1bdaaf3b8c8bab0120cc930"
  name = "github.com/pelletier/go-toml"
  packages = ["."]
  pruneopts = "UT"
  revision = "8c31c2ec65b208cc2ad1608bf25a3ff91adf1944"

[[projects]]
  digest = "1:40e195917a951a8bf867cd05de2a46aaf1806c50cf92eebf4c16f78cd196f747"
  name = "github.com/pkg/errors"
  packages = ["."]
  pruneopts = "UT"
  revision = "645ef00459ed84a119197bfb8d8205042c6df63d"
  version = "v0.8.0"

[[projects]]
  branch = "master"
  digest = "1:f857655a0e2ad7e063c73d9fb9882b07a999e6acd4d410edcd18430a6a6e1349"
  name = "github.com/seanpont/assert"
  packages = ["."]
  pruneopts = "UT"
  revision = "4b06649e62f72436465fa536df365be748192ba3"

[[projects]]
  digest = "1:c504edc3e401a6129b7353ec618f2fa3b9c5ca1b9f5bd0e82d7f441dcdb13f15"
  name = "github.com/spf13/afero"
  packages = [
    ".",
    "mem",
  ]
  pruneopts = "UT"
  revision = "5660eeed305fe5f69c8fc6cf899132a459a97064"

[[projects]]
  digest = "1:9b28ee2984c69d78afe2ce52b1650ba91a6381f355ff08c1d0e53d9e66bd62fe"
  name = "github.com/spf13/cast"
  packages = ["."]
  pruneopts = "UT"
  revision = "acbeb36b902d72a7a4c18e8f3241075e7ab763e4"
  version = "v1.1.0"

[[projects]]
  digest = "1:7ffc0983035bc7e297da3688d9fe19d60a420e9c38bef23f845c53788ed6a05e"
  name = "github.com/spf13/cobra"
  packages = ["."]
  pruneopts = "UT"
  revision = "7b2c5ac9fc04fc5efafb60700713d4fa609b777b"
  version = "v0.0.1"

[[projects]]
  digest = "1:9f28b7e326b8cd1db556678b7ce679cf9bf888647e40922f91d9d40f451f942b"
  name = "github.com/spf13/jwalterweatherman"
  packages = ["."]
  pruneopts = "UT"
  revision = "12bd96e66386c1960ab0f74ced1362f66f552f7b"

[[projects]]
  digest = "1:bb35bbc6e3f8029d0b2c6ba96398b76f179aa65e4d1d0b8e02ed3f0b53e11ee8"
  name = "github.com/spf13/pflag"
  packages = ["."]
  pruneopts = "UT"
  revision = "97afa5e7ca8a08a383cb259e06636b5e2cc7897f"

[[projects]]
  digest = "1:e1cff262fbc11db107c20b4e51a542d3c5d010dcf8479b27e88f6a387e4b0843"
  name = "github.com/spf13/viper"
  packages = ["."]
  pruneopts = "UT"
  revision = "8ef37cbca71638bf32f3d5e194117d4cb46da163"

[[projects]]
  digest = "1:697d25e89b08707d4013085d26838044d58f61507cc08a6e08f9c59a789aee18"
  name = "golang.org/x/sys"
  packages = ["unix"]
  pruneopts = "UT"
  revision = "8dbc5d05d6edcc104950cc299a1ce6641235bc86"

[[projects]]
  digest = "1:d2551122162fb14b1c39e53b632b11aa55439a1bc1fe1ab7ac580ba1999a3bf9"
  name = "golang.org/x/text"
  packages = [
    "internal/gen",
    "internal/triegen",
    "internal/ucd",
    "transform",
    "unicode/cldr",
    "unicode/norm",
  ]
  pruneopts = "UT"
  revision = "c01e4764d870b77f8abe5096ee19ad20d80e8075"

[[projects]]
  digest = "1:6570992c02a2137a20be83990a979b6fe892e20ecdc6b756449989b2a7efb8ae"
  name = "gopkg.in/yaml.v2"
  packages = ["."]
  pruneopts = "UT"
  revision = "eb3733d160e74a9c7e442f435eb3bea458e1d19f"

[solve-meta]
  analyzer-name = "dep"
  analyzer-version = 1
  input-imports = [
    "github.com/Shopify/go-lua",
    "github.com/dgryski/go-bitstream",
    "github.com/mitchellh/go-homedir",
    "github.com/pkg/errors",
    "github.com/seanpont/assert",
    "github.com/spf13/cobra",
    "github.com/spf13/viper",
  ]
  solver-name = "gps-cdcl"
  solver-version = 1
